Microsoft Visual Studio Solution File, Format Version 11.00
# Visual Studio 2008

Project("{D88468FB-83A6-D567-5FCD-2BDCB8FA57BF}") = "xi", "Assembly-CSharp.csproj", "{E31FA779-CC29-FFA2-B49D-E02AB0D14832}"
EndProject
Project("{D88468FB-83A6-D567-5FCD-2BDCB8FA57BF}") = "xi", "Assembly-CSharp-Editor.csproj", "{B4FF9618-908A-CD78-A9B1-97245E501E82}"
EndProject
Project("{D88468FB-83A6-D567-5FCD-2BDCB8FA57BF}") = "xi", "Assembly-UnityScript.unityproj", "{26574624-0572-1F6D-769E-B42D83EED91D}"
EndProject
Global
	GlobalSection(SolutionConfigurationPlatforms) = preSolution
		Debug|Any CPU = Debug|Any CPU
		Release|Any CPU = Release|Any CPU
	EndGlobalSection
	GlobalSection(ProjectConfigurationPlatforms) = postSolution
		{E31FA779-CC29-FFA2-B49D-E02AB0D14832}.Debug|Any CPU.ActiveCfg = Debug|Any CPU
		{E31FA779-CC29-FFA2-B49D-E02AB0D14832}.Debug|Any CPU.Build.0 = Debug|Any CPU
		{E31FA779-CC29-FFA2-B49D-E02AB0D14832}.Release|Any CPU.ActiveCfg = Release|Any CPU
		{E31FA779-CC29-FFA2-B49D-E02AB0D14832}.Release|Any CPU.Build.0 = Release|Any CPU
		{B4FF9618-908A-CD78-A9B1-97245E501E82}.Debug|Any CPU.ActiveCfg = Debug|Any CPU
		{B4FF9618-908A-CD78-A9B1-97245E501E82}.Debug|Any CPU.Build.0 = Debug|Any CPU
		{B4FF9618-908A-CD78-A9B1-97245E501E82}.Release|Any CPU.ActiveCfg = Release|Any CPU
		{B4FF9618-908A-CD78-A9B1-97245E501E82}.Release|Any CPU.Build.0 = Release|Any CPU
		{26574624-0572-1F6D-769E-B42D83EED91D}.Debug|Any CPU.ActiveCfg = Debug|Any CPU
		{26574624-0572-1F6D-769E-B42D83EED91D}.Debug|Any CPU.Build.0 = Debug|Any CPU
		{26574624-0572-1F6D-769E-B42D83EED91D}.Release|Any CPU.ActiveCfg = Release|Any CPU
		{26574624-0572-1F6D-769E-B42D83EED91D}.Release|Any CPU.Build.0 = Release|Any CPU
	EndGlobalSection
	GlobalSection(SolutionProperties) = preSolution
		HideSolutionNode = FALSE
	EndGlobalSection
					GlobalSection(MonoDevelopProperties) = preSolution
		StartupItem = Assembly-CSharp.csproj
		Policies = $0
		$0.TextStylePolicy = $1
		$1.inheritsSet = null
		$1.scope = text/x-csharp
		$0.CSharpFormattingPolicy = $2
		$2.inheritsSet = Mono
		$2.inheritsScope = text/x-csharp
		$2.scope = text/x-csharp
		$0.TextStylePolicy = $3
		$3.FileWidth = 120
		$3.TabWidth = 4
		$3.IndentWidth = 4
		$3.EolMarker = Unix
		$3.inheritsSet = Mono
		$3.inheritsScope = text/plain
		$3.scope = text/plain
	EndGlobalSection

EndGlobal
